// !$*UTF8*$!
{
	archiveVersion = 1;
	classes = {
	};
	objectVersion = 56;
	objects = {

/* Begin PBXBuildFile section */
		4894E7B4298A875E00D9D774 /* AppDelegate.swift in Sources */ = {isa = PBXBuildFile; fileRef = 4894E7B3298A875E00D9D774 /* AppDelegate.swift */; };
		4894E7B6298A875E00D9D774 /* SceneDelegate.swift in Sources */ = {isa = PBXBuildFile; fileRef = 4894E7B5298A875E00D9D774 /* SceneDelegate.swift */; };
		4894E7B8298A875E00D9D774 /* ViewController.swift in Sources */ = {isa = PBXBuildFile; fileRef = 4894E7B7298A875E00D9D774 /* ViewController.swift */; };
		4894E7BB298A875E00D9D774 /* Main.storyboard in Resources */ = {isa = PBXBuildFile; fileRef = 4894E7B9298A875E00D9D774 /* Main.storyboard */; };
		4894E7BD298A876200D9D774 /* Assets.xcassets in Resources */ = {isa = PBXBuildFile; fileRef = 4894E7BC298A876200D9D774 /* Assets.xcassets */; };
		4894E7C0298A876200D9D774 /* LaunchScreen.storyboard in Resources */ = {isa = PBXBuildFile; fileRef = 4894E7BE298A876200D9D774 /* LaunchScreen.storyboard */; };
		4894E7CB298A876200D9D774 /* SurveySampleFormTests.swift in Sources */ = {isa = PBXBuildFile; fileRef = 4894E7CA298A876200D9D774 /* SurveySampleFormTests.swift */; };
		4894E7D5298A876200D9D774 /* SurveySampleFormUITests.swift in Sources */ = {isa = PBXBuildFile; fileRef = 4894E7D4298A876200D9D774 /* SurveySampleFormUITests.swift */; };
		4894E7D7298A876200D9D774 /* SurveySampleFormUITestsLaunchTests.swift in Sources */ = {isa = PBXBuildFile; fileRef = 4894E7D6298A876200D9D774 /* SurveySampleFormUITestsLaunchTests.swift */; };
/* End PBXBuildFile section */

/* Begin PBXContainerItemProxy section */
		4894E7C7298A876200D9D774 /* PBXContainerItemProxy */ = {
			isa = PBXContainerItemProxy;
			containerPortal = 4894E7A8298A875E00D9D774 /* Project object */;
			proxyType = 1;
			remoteGlobalIDString = 4894E7AF298A875E00D9D774;
			remoteInfo = SurveySampleForm;
		};
		4894E7D1298A876200D9D774 /* PBXContainerItemProxy */ = {
			isa = PBXContainerItemProxy;
			containerPortal = 4894E7A8298A875E00D9D774 /* Project object */;
			proxyType = 1;
			remoteGlobalIDString = 4894E7AF298A875E00D9D774;
			remoteInfo = SurveySampleForm;
		};
/* End PBXContainerItemProxy section */

/* Begin PBXFileReference section */
		4894E7B0298A875E00D9D774 /* SurveySampleForm.app */ = {isa = PBXFileReference; explicitFileType = wrapper.application; includeInIndex = 0; path = SurveySampleForm.app; sourceTree = BUILT_PRODUCTS_DIR; };
		4894E7B3298A875E00D9D774 /* AppDelegate.swift */ = {isa = PBXFileReference; lastKnownFileType = sourcecode.swift; path = AppDelegate.swift; sourceTree = "<group>"; };
		4894E7B5298A875E00D9D774 /* SceneDelegate.swift */ = {isa = PBXFileReference; lastKnownFileType = sourcecode.swift; path = SceneDelegate.swift; sourceTree = "<group>"; };
		4894E7B7298A875E00D9D774 /* ViewController.swift */ = {isa = PBXFileReference; lastKnownFileType = sourcecode.swift; path = ViewController.swift; sourceTree = "<group>"; };
		4894E7BA298A875E00D9D774 /* Base */ = {isa = PBXFileReference; lastKnownFileType = file.storyboard; name = Base; path = Base.lproj/Main.storyboard; sourceTree = "<group>"; };
		4894E7BC298A876200D9D774 /* Assets.xcassets */ = {isa = PBXFileReference; lastKnownFileType = folder.assetcatalog; path = Assets.xcassets; sourceTree = "<group>"; };
		4894E7BF298A876200D9D774 /* Base */ = {isa = PBXFileReference; lastKnownFileType = file.storyboard; name = Base; path = Base.lproj/LaunchScreen.storyboard; sourceTree = "<group>"; };
		4894E7C1298A876200D9D774 /* Info.plist */ = {isa = PBXFileReference; lastKnownFileType = text.plist.xml; path = Info.plist; sourceTree = "<group>"; };
		4894E7C6298A876200D9D774 /* SurveySampleFormTests.xctest */ = {isa = PBXFileReference; explicitFileType = wrapper.cfbundle; includeInIndex = 0; path = SurveySampleFormTests.xctest; sourceTree = BUILT_PRODUCTS_DIR; };
		4894E7CA298A876200D9D774 /* SurveySampleFormTests.swift */ = {isa = PBXFileReference; lastKnownFileType = sourcecode.swift; path = SurveySampleFormTests.swift; sourceTree = "<group>"; };
		4894E7D0298A876200D9D774 /* SurveySampleFormUITests.xctest */ = {isa = PBXFileReference; explicitFileType = wrapper.cfbundle; includeInIndex = 0; path = SurveySampleFormUITests.xctest; sourceTree = BUILT_PRODUCTS_DIR; };
		4894E7D4298A876200D9D774 /* SurveySampleFormUITests.swift */ = {isa = PBXFileReference; lastKnownFileType = sourcecode.swift; path = SurveySampleFormUITests.swift; sourceTree = "<group>"; };
		4894E7D6298A876200D9D774 /* SurveySampleFormUITestsLaunchTests.swift */ = {isa = PBXFileReference; lastKnownFileType = sourcecode.swift; path = SurveySampleFormUITestsLaunchTests.swift; sourceTree = "<group>"; };
/* End PBXFileReference section */

/* Begin PBXFrameworksBuildPhase section */
		4894E7AD298A875E00D9D774 /* Frameworks */ = {
			isa = PBXFrameworksBuildPhase;
			buildActionMask = 2147483647;
			files = (
			);
			runOnlyForDeploymentPostprocessing = 0;
		};
		4894E7C3298A876200D9D774 /* Frameworks */ = {
			isa = PBXFrameworksBuildPhase;
			buildActionMask = 2147483647;
			files = (
			);
			runOnlyForDeploymentPostprocessing = 0;
		};
		4894E7CD298A876200D9D774 /* Frameworks */ = {
			isa = PBXFrameworksBuildPhase;
			buildActionMask = 2147483647;
			files = (
			);
			runOnlyForDeploymentPostprocessing = 0;
		};
/* End PBXFrameworksBuildPhase section */

/* Begin PBXGroup section */
		4894E7A7298A875E00D9D774 = {
			isa = PBXGroup;
			children = (
				4894E7B2298A875E00D9D774 /* SurveySampleForm */,
				4894E7C9298A876200D9D774 /* SurveySampleFormTests */,
				4894E7D3298A876200D9D774 /* SurveySampleFormUITests */,
				4894E7B1298A875E00D9D774 /* Products */,
			);
			sourceTree = "<group>";
		};
		4894E7B1298A875E00D9D774 /* Products */ = {
			isa = PBXGroup;
			children = (
				4894E7B0298A875E00D9D774 /* SurveySampleForm.app */,
				4894E7C6298A876200D9D774 /* SurveySampleFormTests.xctest */,
				4894E7D0298A876200D9D774 /* SurveySampleFormUITests.xctest */,
			);
			name = Products;
			sourceTree = "<group>";
		};
		4894E7B2298A875E00D9D774 /* SurveySampleForm */ = {
			isa = PBXGroup;
			children = (
				4894E7B3298A875E00D9D774 /* AppDelegate.swift */,
				4894E7B5298A875E00D9D774 /* SceneDelegate.swift */,
				4894E7B7298A875E00D9D774 /* ViewController.swift */,
				4894E7B9298A875E00D9D774 /* Main.storyboard */,
				4894E7BC298A876200D9D774 /* Assets.xcassets */,
				4894E7BE298A876200D9D774 /* LaunchScreen.storyboard */,
				4894E7C1298A876200D9D774 /* Info.plist */,
			);
			path = SurveySampleForm;
			sourceTree = "<group>";
		};
		4894E7C9298A876200D9D774 /* SurveySampleFormTests */ = {
			isa = PBXGroup;
			children = (
				4894E7CA298A876200D9D774 /* SurveySampleFormTests.swift */,
			);
			path = SurveySampleFormTests;
			sourceTree = "<group>";
		};
		4894E7D3298A876200D9D774 /* SurveySampleFormUITests */ = {
			isa = PBXGroup;
			children = (
				4894E7D4298A876200D9D774 /* SurveySampleFormUITests.swift */,
				4894E7D6298A876200D9D774 /* SurveySampleFormUITestsLaunchTests.swift */,
			);
			path = SurveySampleFormUITests;
			sourceTree = "<group>";
		};
/* End PBXGroup section */

/* Begin PBXNativeTarget section */
		4894E7AF298A875E00D9D774 /* SurveySampleForm */ = {
			isa = PBXNativeTarget;
			buildConfigurationList = 4894E7DA298A876200D9D774 /* Build configuration list for PBXNativeTarget "SurveySampleForm" */;
			buildPhases = (
				4894E7AC298A875E00D9D774 /* Sources */,
				4894E7AD298A875E00D9D774 /* Frameworks */,
				4894E7AE298A875E00D9D774 /* Resources */,
			);
			buildRules = (
			);
			dependencies = (
			);
			name = SurveySampleForm;
			productName = SurveySampleForm;
			productReference = 4894E7B0298A875E00D9D774 /* SurveySampleForm.app */;
			productType = "com.apple.product-type.application";
		};
		4894E7C5298A876200D9D774 /* SurveySampleFormTests */ = {
			isa = PBXNativeTarget;
			buildConfigurationList = 4894E7DD298A876200D9D774 /* Build configuration list for PBXNativeTarget "SurveySampleFormTests" */;
			buildPhases = (
				4894E7C2298A876200D9D774 /* Sources */,
				4894E7C3298A876200D9D774 /* Frameworks */,
				4894E7C4298A876200D9D774 /* Resources */,
			);
			buildRules = (
			);
			dependencies = (
				4894E7C8298A876200D9D774 /* PBXTargetDependency */,
			);
			name = SurveySampleFormTests;
			productName = SurveySampleFormTests;
			productReference = 4894E7C6298A876200D9D774 /* SurveySampleFormTests.xctest */;
			productType = "com.apple.product-type.bundle.unit-test";
		};
		4894E7CF298A876200D9D774 /* SurveySampleFormUITests */ = {
			isa = PBXNativeTarget;
			buildConfigurationList = 4894E7E0298A876200D9D774 /* Build configuration list for PBXNativeTarget "SurveySampleFormUITests" */;
			buildPhases = (
				4894E7CC298A876200D9D774 /* Sources */,
				4894E7CD298A876200D9D774 /* Frameworks */,
				4894E7CE298A876200D9D774 /* Resources */,
			);
			buildRules = (
			);
			dependencies = (
				4894E7D2298A876200D9D774 /* PBXTargetDependency */,
			);
			name = SurveySampleFormUITests;
			productName = SurveySampleFormUITests;
			productReference = 4894E7D0298A876200D9D774 /* SurveySampleFormUITests.xctest */;
			productType = "com.apple.product-type.bundle.ui-testing";
		};
/* End PBXNativeTarget section */

/* Begin PBXProject section */
		4894E7A8298A875E00D9D774 /* Project object */ = {
			isa = PBXProject;
			attributes = {
				BuildIndependentTargetsInParallel = 1;
				LastSwiftUpdateCheck = 1410;
				LastUpgradeCheck = 1410;
				TargetAttributes = {
					4894E7AF298A875E00D9D774 = {
						CreatedOnToolsVersion = 14.1;
					};
					4894E7C5298A876200D9D774 = {
						CreatedOnToolsVersion = 14.1;
						TestTargetID = 4894E7AF298A875E00D9D774;
					};
					4894E7CF298A876200D9D774 = {
						CreatedOnToolsVersion = 14.1;
						TestTargetID = 4894E7AF298A875E00D9D774;
					};
				};
			};
			buildConfigurationList = 4894E7AB298A875E00D9D774 /* Build configuration list for PBXProject "SurveySampleForm" */;
			compatibilityVersion = "Xcode 14.0";
			developmentRegion = en;
			hasScannedForEncodings = 0;
			knownRegions = (
				en,
				Base,
			);
			mainGroup = 4894E7A7298A875E00D9D774;
			productRefGroup = 4894E7B1298A875E00D9D774 /* Products */;
			projectDirPath = "";
			projectRoot = "";
			targets = (
				4894E7AF298A875E00D9D774 /* SurveySampleForm */,
				4894E7C5298A876200D9D774 /* SurveySampleFormTests */,
				4894E7CF298A876200D9D774 /* SurveySampleFormUITests */,
			);
		};
/* End PBXProject section */

/* Begin PBXResourcesBuildPhase section */
		4894E7AE298A875E00D9D774 /* Resources */ = {
			isa = PBXResourcesBuildPhase;
			buildActionMask = 2147483647;
			files = (
				4894E7C0298A876200D9D774 /* LaunchScreen.storyboard in Resources */,
				4894E7BD298A876200D9D774 /* Assets.xcassets in Resources */,
				4894E7BB298A875E00D9D774 /* Main.storyboard in Resources */,
			);
			runOnlyForDeploymentPostprocessing = 0;
		};
		4894E7C4298A876200D9D774 /* Resources */ = {
			isa = PBXResourcesBuildPhase;
			buildActionMask = 2147483647;
			files = (
			);
			runOnlyForDeploymentPostprocessing = 0;
		};
		4894E7CE298A876200D9D774 /* Resources */ = {
			isa = PBXResourcesBuildPhase;
			buildActionMask = 2147483647;
			files = (
			);
			runOnlyForDeploymentPostprocessing = 0;
		};
/* End PBXResourcesBuildPhase section */

/* Begin PBXSourcesBuildPhase section */
		4894E7AC298A875E00D9D774 /* Sources */ = {
			isa = PBXSourcesBuildPhase;
			buildActionMask = 2147483647;
			files = (
				4894E7B8298A875E00D9D774 /* ViewController.swift in Sources */,
				4894E7B4298A875E00D9D774 /* AppDelegate.swift in Sources */,
				4894E7B6298A875E00D9D774 /* SceneDelegate.swift in Sources */,
			);
			runOnlyForDeploymentPostprocessing = 0;
		};
		4894E7C2298A876200D9D774 /* Sources */ = {
			isa = PBXSourcesBuildPhase;
			buildActionMask = 2147483647;
			files = (
				4894E7CB298A876200D9D774 /* SurveySampleFormTests.swift in Sources */,
			);
			runOnlyForDeploymentPostprocessing = 0;
		};
		4894E7CC298A876200D9D774 /* Sources */ = {
			isa = PBXSourcesBuildPhase;
			buildActionMask = 2147483647;
			files = (
				4894E7D7298A876200D9D774 /* SurveySampleFormUITestsLaunchTests.swift in Sources */,
				4894E7D5298A876200D9D774 /* SurveySampleFormUITests.swift in Sources */,
			);
			runOnlyForDeploymentPostprocessing = 0;
		};
/* End PBXSourcesBuildPhase section */

/* Begin PBXTargetDependency section */
		4894E7C8298A876200D9D774 /* PBXTargetDependency */ = {
			isa = PBXTargetDependency;
			target = 4894E7AF298A875E00D9D774 /* SurveySampleForm */;
			targetProxy = 4894E7C7298A876200D9D774 /* PBXContainerItemProxy */;
		};
		4894E7D2298A876200D9D774 /* PBXTargetDependency */ = {
			isa = PBXTargetDependency;
			target = 4894E7AF298A875E00D9D774 /* SurveySampleForm */;
			targetProxy = 4894E7D1298A876200D9D774 /* PBXContainerItemProxy */;
		};
/* End PBXTargetDependency section */

/* Begin PBXVariantGroup section */
		4894E7B9298A875E00D9D774 /* Main.storyboard */ = {
			isa = PBXVariantGroup;
			children = (
				4894E7BA298A875E00D9D774 /* Base */,
			);
			name = Main.storyboard;
			sourceTree = "<group>";
		};
		4894E7BE298A876200D9D774 /* LaunchScreen.storyboard */ = {
			isa = PBXVariantGroup;
			children = (
				4894E7BF298A876200D9D774 /* Base */,
			);
			name = LaunchScreen.storyboard;
			sourceTree = "<group>";
		};
/* End PBXVariantGroup section */

/* Begin XCBuildConfiguration section */
		4894E7D8298A876200D9D774 /* Debug */ = {
			isa = XCBuildConfiguration;
			buildSettings = {
				ALWAYS_SEARCH_USER_PATHS = NO;
				CLANG_ANALYZER_NONNULL = YES;
				CLANG_ANALYZER_NUMBER_OBJECT_CONVERSION = YES_AGGRESSIVE;
				CLANG_CXX_LANGUAGE_STANDARD = "gnu++20";
				CLANG_ENABLE_MODULES = YES;
				CLANG_ENABLE_OBJC_ARC = YES;
				CLANG_ENABLE_OBJC_WEAK = YES;
				CLANG_WARN_BLOCK_CAPTURE_AUTORELEASING = YES;
				CLANG_WARN_BOOL_CONVERSION = YES;
				CLANG_WARN_COMMA = YES;
				CLANG_WARN_CONSTANT_CONVERSION = YES;
				CLANG_WARN_DEPRECATED_OBJC_IMPLEMENTATIONS = YES;
				CLANG_WARN_DIRECT_OBJC_ISA_USAGE = YES_ERROR;
				CLANG_WARN_DOCUMENTATION_COMMENTS = YES;
				CLANG_WARN_EMPTY_BODY = YES;
				CLANG_WARN_ENUM_CONVERSION = YES;
				CLANG_WARN_INFINITE_RECURSION = YES;
				CLANG_WARN_INT_CONVERSION = YES;
				CLANG_WARN_NON_LITERAL_NULL_CONVERSION = YES;
				CLANG_WARN_OBJC_IMPLICIT_RETAIN_SELF = YES;
				CLANG_WARN_OBJC_LITERAL_CONVERSION = YES;
				CLANG_WARN_OBJC_ROOT_CLASS = YES_ERROR;
				CLANG_WARN_QUOTED_INCLUDE_IN_FRAMEWORK_HEADER = YES;
				CLANG_WARN_RANGE_LOOP_ANALYSIS = YES;
				CLANG_WARN_STRICT_PROTOTYPES = YES;
				CLANG_WARN_SUSPICIOUS_MOVE = YES;
				CLANG_WARN_UNGUARDED_AVAILABILITY = YES_AGGRESSIVE;
				CLANG_WARN_UNREACHABLE_CODE = YES;
				CLANG_WARN__DUPLICATE_METHOD_MATCH = YES;
				COPY_PHASE_STRIP = NO;
				DEBUG_INFORMATION_FORMAT = dwarf;
				ENABLE_STRICT_OBJC_MSGSEND = YES;
				ENABLE_TESTABILITY = YES;
				GCC_C_LANGUAGE_STANDARD = gnu11;
				GCC_DYNAMIC_NO_PIC = NO;
				GCC_NO_COMMON_BLOCKS = YES;
				GCC_OPTIMIZATION_LEVEL = 0;
				GCC_PREPROCESSOR_DEFINITIONS = (
					"DEBUG=1",
					"$(inherited)",
				);
				GCC_WARN_64_TO_32_BIT_CONVERSION = YES;
				GCC_WARN_ABOUT_RETURN_TYPE = YES_ERROR;
				GCC_WARN_UNDECLARED_SELECTOR = YES;
				GCC_WARN_UNINITIALIZED_AUTOS = YES_AGGRESSIVE;
				GCC_WARN_UNUSED_FUNCTION = YES;
				GCC_WARN_UNUSED_VARIABLE = YES;
				IPHONEOS_DEPLOYMENT_TARGET = 16.1;
				MTL_ENABLE_DEBUG_INFO = INCLUDE_SOURCE;
				MTL_FAST_MATH = YES;
				ONLY_ACTIVE_ARCH = YES;
				SDKROOT = iphoneos;
				SWIFT_ACTIVE_COMPILATION_CONDITIONS = DEBUG;
				SWIFT_OPTIMIZATION_LEVEL = "-Onone";
			};
			name = Debug;
		};
		4894E7D9298A876200D9D774 /* Release */ = {
			isa = XCBuildConfiguration;
			buildSettings = {
				ALWAYS_SEARCH_USER_PATHS = NO;
				CLANG_ANALYZER_NONNULL = YES;
				CLANG_ANALYZER_NUMBER_OBJECT_CONVERSION = YES_AGGRESSIVE;
				CLANG_CXX_LANGUAGE_STANDARD = "gnu++20";
				CLANG_ENABLE_MODULES = YES;
				CLANG_ENABLE_OBJC_ARC = YES;
				CLANG_ENABLE_OBJC_WEAK = YES;
				CLANG_WARN_BLOCK_CAPTURE_AUTORELEASING = YES;
				CLANG_WARN_BOOL_CONVERSION = YES;
				CLANG_WARN_COMMA = YES;
				CLANG_WARN_CONSTANT_CONVERSION = YES;
				CLANG_WARN_DEPRECATED_OBJC_IMPLEMENTATIONS = YES;
				CLANG_WARN_DIRECT_OBJC_ISA_USAGE = YES_ERROR;
				CLANG_WARN_DOCUMENTATION_COMMENTS = YES;
				CLANG_WARN_EMPTY_BODY = YES;
				CLANG_WARN_ENUM_CONVERSION = YES;
				CLANG_WARN_INFINITE_RECURSION = YES;
				CLANG_WARN_INT_CONVERSION = YES;
				CLANG_WARN_NON_LITERAL_NULL_CONVERSION = YES;
				CLANG_WARN_OBJC_IMPLICIT_RETAIN_SELF = YES;
				CLANG_WARN_OBJC_LITERAL_CONVERSION = YES;
				CLANG_WARN_OBJC_ROOT_CLASS = YES_ERROR;
				CLANG_WARN_QUOTED_INCLUDE_IN_FRAMEWORK_HEADER = YES;
				CLANG_WARN_RANGE_LOOP_ANALYSIS = YES;
				CLANG_WARN_STRICT_PROTOTYPES = YES;
				CLANG_WARN_SUSPICIOUS_MOVE = YES;
				CLANG_WARN_UNGUARDED_AVAILABILITY = YES_AGGRESSIVE;
				CLANG_WARN_UNREACHABLE_CODE = YES;
				CLANG_WARN__DUPLICATE_METHOD_MATCH = YES;
				COPY_PHASE_STRIP = NO;
				DEBUG_INFORMATION_FORMAT = "dwarf-with-dsym";
				ENABLE_NS_ASSERTIONS = NO;
				ENABLE_STRICT_OBJC_MSGSEND = YES;
				GCC_C_LANGUAGE_STANDARD = gnu11;
				GCC_NO_COMMON_BLOCKS = YES;
				GCC_WARN_64_TO_32_BIT_CONVERSION = YES;
				GCC_WARN_ABOUT_RETURN_TYPE = YES_ERROR;
				GCC_WARN_UNDECLARED_SELECTOR = YES;
				GCC_WARN_UNINITIALIZED_AUTOS = YES_AGGRESSIVE;
				GCC_WARN_UNUSED_FUNCTION = YES;
				GCC_WARN_UNUSED_VARIABLE = YES;
				IPHONEOS_DEPLOYMENT_TARGET = 16.1;
				MTL_ENABLE_DEBUG_INFO = NO;
				MTL_FAST_MATH = YES;
				SDKROOT = iphoneos;
				SWIFT_COMPILATION_MODE = wholemodule;
				SWIFT_OPTIMIZATION_LEVEL = "-O";
				VALIDATE_PRODUCT = YES;
			};
			name = Release;
		};
		4894E7DB298A876200D9D774 /* Debug */ = {
			isa = XCBuildConfiguration;
			buildSettings = {
				ASSETCATALOG_COMPILER_APPICON_NAME = AppIcon;
				ASSETCATALOG_COMPILER_GLOBAL_ACCENT_COLOR_NAME = AccentColor;
				CODE_SIGN_STYLE = Automatic;
				CURRENT_PROJECT_VERSION = 1;
				DEVELOPMENT_TEAM = 9GDBJBL379;
				GENERATE_INFOPLIST_FILE = YES;
				INFOPLIST_FILE = SurveySampleForm/Info.plist;
				INFOPLIST_KEY_UIApplicationSupportsIndirectInputEvents = YES;
				INFOPLIST_KEY_UILaunchStoryboardName = LaunchScreen;
				INFOPLIST_KEY_UIMainStoryboardFile = Main;
				INFOPLIST_KEY_UISupportedInterfaceOrientations_iPad = "UIInterfaceOrientationPortrait UIInterfaceOrientationPortraitUpsideDown UIInterfaceOrientationLandscapeLeft UIInterfaceOrientationLandscapeRight";
				INFOPLIST_KEY_UISupportedInterfaceOrientations_iPhone = "UIInterfaceOrientationPortrait UIInterfaceOrientationLandscapeLeft UIInterfaceOrientationLandscapeRight";
				LD_RUNPATH_SEARCH_PATHS = (
					"$(inherited)",
					"@executable_path/Frameworks",
				);
				MARKETING_VERSION = 1.0;
				PRODUCT_BUNDLE_IDENTIFIER = maheen.SurveySampleForm;
				PRODUCT_NAME = "$(TARGET_NAME)";
				SWIFT_EMIT_LOC_STRINGS = YES;
				SWIFT_VERSION = 5.0;
				TARGETED_DEVICE_FAMILY = "1,2";
			};
			name = Debug;
		};
		4894E7DC298A876200D9D774 /* Release */ = {
			isa = XCBuildConfiguration;
			buildSettings = {
				ASSETCATALOG_COMPILER_APPICON_NAME = AppIcon;
				ASSETCATALOG_COMPILER_GLOBAL_ACCENT_COLOR_NAME = AccentColor;
				CODE_SIGN_STYLE = Automatic;
				CURRENT_PROJECT_VERSION = 1;
				DEVELOPMENT_TEAM = 9GDBJBL379;
				GENERATE_INFOPLIST_FILE = YES;
				INFOPLIST_FILE = SurveySampleForm/Info.plist;
				INFOPLIST_KEY_UIApplicationSupportsIndirectInputEvents = YES;
				INFOPLIST_KEY_UILaunchStoryboardName = LaunchScreen;
				INFOPLIST_KEY_UIMainStoryboardFile = Main;
				INFOPLIST_KEY_UISupportedInterfaceOrientations_iPad = "UIInterfaceOrientationPortrait UIInterfaceOrientationPortraitUpsideDown UIInterfaceOrientationLandscapeLeft UIInterfaceOrientationLandscapeRight";
				INFOPLIST_KEY_UISupportedInterfaceOrientations_iPhone = "UIInterfaceOrientationPortrait UIInterfaceOrientationLandscapeLeft UIInterfaceOrientationLandscapeRight";
				LD_RUNPATH_SEARCH_PATHS = (
					"$(inherited)",
					"@executable_path/Frameworks",
				);
				MARKETING_VERSION = 1.0;
				PRODUCT_BUNDLE_IDENTIFIER = maheen.SurveySampleForm;
				PRODUCT_NAME = "$(TARGET_NAME)";
				SWIFT_EMIT_LOC_STRINGS = YES;
				SWIFT_VERSION = 5.0;
				TARGETED_DEVICE_FAMILY = "1,2";
			};
			name = Release;
		};
		4894E7DE298A876200D9D774 /* Debug */ = {
			isa = XCBuildConfiguration;
			buildSettings = {
				ALWAYS_EMBED_SWIFT_STANDARD_LIBRARIES = YES;
				BUNDLE_LOADER = "$(TEST_HOST)";
				CODE_SIGN_STYLE = Automatic;
				CURRENT_PROJECT_VERSION = 1;
				DEVELOPMENT_TEAM = 9GDBJBL379;
				GENERATE_INFOPLIST_FILE = YES;
				IPHONEOS_DEPLOYMENT_TARGET = 16.1;
				MARKETING_VERSION = 1.0;
				PRODUCT_BUNDLE_IDENTIFIER = maheen.SurveySampleFormTests;
				PRODUCT_NAME = "$(TARGET_NAME)";
				SWIFT_EMIT_LOC_STRINGS = NO;
				SWIFT_VERSION = 5.0;
				TARGETED_DEVICE_FAMILY = "1,2";
				TEST_HOST = "$(BUILT_PRODUCTS_DIR)/SurveySampleForm.app/$(BUNDLE_EXECUTABLE_FOLDER_PATH)/SurveySampleForm";
			};
			name = Debug;
		};
		4894E7DF298A876200D9D774 /* Release */ = {
			isa = XCBuildConfiguration;
			buildSettings = {
				ALWAYS_EMBED_SWIFT_STANDARD_LIBRARIES = YES;
				BUNDLE_LOADER = "$(TEST_HOST)";
				CODE_SIGN_STYLE = Automatic;
				CURRENT_PROJECT_VERSION = 1;
				DEVELOPMENT_TEAM = 9GDBJBL379;
				GENERATE_INFOPLIST_FILE = YES;
				IPHONEOS_DEPLOYMENT_TARGET = 16.1;
				MARKETING_VERSION = 1.0;
				PRODUCT_BUNDLE_IDENTIFIER = maheen.SurveySampleFormTests;
				PRODUCT_NAME = "$(TARGET_NAME)";
				SWIFT_EMIT_LOC_STRINGS = NO;
				SWIFT_VERSION = 5.0;
				TARGETED_DEVICE_FAMILY = "1,2";
				TEST_HOST = "$(BUILT_PRODUCTS_DIR)/SurveySampleForm.app/$(BUNDLE_EXECUTABLE_FOLDER_PATH)/SurveySampleForm";
			};
			name = Release;
		};
		4894E7E1298A876200D9D774 /* Debug */ = {
			isa = XCBuildConfiguration;
			buildSettings = {
				ALWAYS_EMBED_SWIFT_STANDARD_LIBRARIES = YES;
				CODE_SIGN_STYLE = Automatic;
				CURRENT_PROJECT_VERSION = 1;
				DEVELOPMENT_TEAM = 9GDBJBL379;
				GENERATE_INFOPLIST_FILE = YES;
				MARKETING_VERSION = 1.0;
				PRODUCT_BUNDLE_IDENTIFIER = maheen.SurveySampleFormUITests;
				PRODUCT_NAME = "$(TARGET_NAME)";
				SWIFT_EMIT_LOC_STRINGS = NO;
				SWIFT_VERSION = 5.0;
				TARGETED_DEVICE_FAMILY = "1,2";
				TEST_TARGET_NAME = SurveySampleForm;
			};
			name = Debug;
		};
		4894E7E2298A876200D9D774 /* Release */ = {
			isa = XCBuildConfiguration;
			buildSettings = {
				ALWAYS_EMBED_SWIFT_STANDARD_LIBRARIES = YES;
				CODE_SIGN_STYLE = Automatic;
				CURRENT_PROJECT_VERSION = 1;
				DEVELOPMENT_TEAM = 9GDBJBL379;
				GENERATE_INFOPLIST_FILE = YES;
				MARKETING_VERSION = 1.0;
				PRODUCT_BUNDLE_IDENTIFIER = maheen.SurveySampleFormUITests;
				PRODUCT_NAME = "$(TARGET_NAME)";
				SWIFT_EMIT_LOC_STRINGS = NO;
				SWIFT_VERSION = 5.0;
				TARGETED_DEVICE_FAMILY = "1,2";
				TEST_TARGET_NAME = SurveySampleForm;
			};
			name = Release;
		};
/* End XCBuildConfiguration section */

/* Begin XCConfigurationList section */
		4894E7AB298A875E00D9D774 /* Build configuration list for PBXProject "SurveySampleForm" */ = {
			isa = XCConfigurationList;
			buildConfigurations = (
				4894E7D8298A876200D9D774 /* Debug */,
				4894E7D9298A876200D9D774 /* Release */,
			);
			defaultConfigurationIsVisible = 0;
			defaultConfigurationName = Release;
		};
		4894E7DA298A876200D9D774 /* Build configuration list for PBXNativeTarget "SurveySampleForm" */ = {
			isa = XCConfigurationList;
			buildConfigurations = (
				4894E7DB298A876200D9D774 /* Debug */,
				4894E7DC298A876200D9D774 /* Release */,
			);
			defaultConfigurationIsVisible = 0;
			defaultConfigurationName = Release;
		};
		4894E7DD298A876200D9D774 /* Build configuration list for PBXNativeTarget "SurveySampleFormTests" */ = {
			isa = XCConfigurationList;
			buildConfigurations = (
				4894E7DE298A876200D9D774 /* Debug */,
				4894E7DF298A876200D9D774 /* Release */,
			);
			defaultConfigurationIsVisible = 0;
			defaultConfigurationName = Release;
		};
		4894E7E0298A876200D9D774 /* Build configuration list for PBXNativeTarget "SurveySampleFormUITests" */ = {
			isa = XCConfigurationList;
			buildConfigurations = (
				4894E7E1298A876200D9D774 /* Debug */,
				4894E7E2298A876200D9D774 /* Release */,
			);
			defaultConfigurationIsVisible = 0;
			defaultConfigurationName = Release;
		};
/* End XCConfigurationList section */
	};
	rootObject = 4894E7A8298A875E00D9D774 /* Project object */;
}
